
Microsoft Visual Studio Solution File, Format Version 12.00
# Visual Studio 15
VisualStudioVersion = 15.0.27004.2009
MinimumVisualStudioVersion = 10.0.40219.1
Project("{FAE04EC0-301F-11D3-BF4B-00C04F79EFBC}") = "CreatingAndStartingTasks", "CreatingAndStartingTasks\CreatingAndStartingTasks.csproj", "{2DA0FB00-7693-4373-8FDD-1DC3829FD1E4}"
EndProject
Project("{FAE04EC0-301F-11D3-BF4B-00C04F79EFBC}") = "CancelingTasks", "CancelingTasks\CancelingTasks.csproj", "{AD543BD1-B7FE-49FF-9018-EBF687D99DAA}"
EndProject
Project("{FAE04EC0-301F-11D3-BF4B-00C04F79EFBC}") = "WaitingForTasks", "WaitingForTasks\WaitingForTasks.csproj", "{2E827F5D-F177-429D-AE56-6254CE0F5962}"
EndProject
Project("{FAE04EC0-301F-11D3-BF4B-00C04F79EFBC}") = "ExceptionHandling", "ExceptionHandling\ExceptionHandling.csproj", "{2B4FE9D0-8EB7-49FB-8572-4CF61C1C7F61}"
EndProject
Project("{2150E333-8FDC-42A3-9474-1A3956D46DE8}") = "TaskProgramming", "TaskProgramming", "{57E135B9-3920-4665-B098-9364E52F9488}"
EndProject
Project("{2150E333-8FDC-42A3-9474-1A3956D46DE8}") = "DataSharingAndSync", "DataSharingAndSync", "{85315CDF-D69B-4671-8D88-A34CDCB78FCE}"
EndProject
Project("{FAE04EC0-301F-11D3-BF4B-00C04F79EFBC}") = "CriticalSection", "CriticalSection\CriticalSection.csproj", "{BE7E6FBC-5146-491C-9A1C-4BB18413087B}"
EndProject
Project("{FAE04EC0-301F-11D3-BF4B-00C04F79EFBC}") = "InterlockedOperations", "InterlockedOperations\InterlockedOperations.csproj", "{0AF56886-34FC-4762-AE38-FD1C73D1E14E}"
EndProject
Project("{FAE04EC0-301F-11D3-BF4B-00C04F79EFBC}") = "SpinLockingAndLockRecursion", "SpinLockingAndLockRecursion\SpinLockingAndLockRecursion.csproj", "{E70B3432-7AC1-4880-87C5-4DD5B1F7E684}"
EndProject
Project("{FAE04EC0-301F-11D3-BF4B-00C04F79EFBC}") = "MutexApp", "Mutex\MutexApp.csproj", "{5AE66A8F-B8C6-4B6F-BAC8-0DE587C8DE58}"
EndProject
Project("{FAE04EC0-301F-11D3-BF4B-00C04F79EFBC}") = "ReaderWriterLocks", "ReaderWriterLocks\ReaderWriterLocks.csproj", "{B4B937FC-8EB7-4243-A2C1-4A81F78EFD54}"
EndProject
Project("{2150E333-8FDC-42A3-9474-1A3956D46DE8}") = "ConcurrentCollections", "ConcurrentCollections", "{E8F78791-3898-4665-9B65-95F3B40371F5}"
EndProject
Project("{FAE04EC0-301F-11D3-BF4B-00C04F79EFBC}") = "ConcurrentDictionaryApp", "ConcurrentDictionary\ConcurrentDictionaryApp.csproj", "{7EB5E0C0-D4AE-4F73-ACDC-04DF8D6041EF}"
EndProject
Project("{FAE04EC0-301F-11D3-BF4B-00C04F79EFBC}") = "ConcurrentQueueApp", "ConcurrentQueueApp\ConcurrentQueueApp.csproj", "{DE290B90-61EC-45C8-A7A2-2F71DFAAC622}"
EndProject
Project("{FAE04EC0-301F-11D3-BF4B-00C04F79EFBC}") = "ConcurrentStackApp", "ConcurrentStack\ConcurrentStackApp.csproj", "{AF713144-2637-47B9-AB99-CF35B047F48A}"
EndProject
Project("{FAE04EC0-301F-11D3-BF4B-00C04F79EFBC}") = "ConcurrentBagApp", "ConcurrentBagApp\ConcurrentBagApp.csproj", "{C5247763-9844-4763-BC96-B519D2C2156F}"
EndProject
Project("{FAE04EC0-301F-11D3-BF4B-00C04F79EFBC}") = "BlockingCollection_ProducerConsumerPattern", "BlockingCollection_ProducerConsumerPattern\BlockingCollection_ProducerConsumerPattern.csproj", "{73BA73F4-1B08-47BB-9D29-9480C35307F3}"
EndProject
Project("{2150E333-8FDC-42A3-9474-1A3956D46DE8}") = "TaskCoordination", "TaskCoordination", "{5B7BF62A-16D5-421D-B689-0E1183F74A8B}"
EndProject
Project("{FAE04EC0-301F-11D3-BF4B-00C04F79EFBC}") = "Continuations", "Continuations\Continuations.csproj", "{DA3855AB-D195-428A-A1BE-BAAA1406AF14}"
EndProject
Project("{FAE04EC0-301F-11D3-BF4B-00C04F79EFBC}") = "ChildTasks", "ChildTasks\ChildTasks.csproj", "{08BF88B5-8149-4F55-AE72-0A4A1CC46E2F}"
EndProject
Project("{FAE04EC0-301F-11D3-BF4B-00C04F79EFBC}") = "BarrierApp", "BarrierApp\BarrierApp.csproj", "{14046EED-9CC2-4F61-9E92-38D5C01CA980}"
EndProject
Global
	GlobalSection(SolutionConfigurationPlatforms) = preSolution
		Debug|Any CPU = Debug|Any CPU
		Release|Any CPU = Release|Any CPU
	EndGlobalSection
	GlobalSection(ProjectConfigurationPlatforms) = postSolution
		{2DA0FB00-7693-4373-8FDD-1DC3829FD1E4}.Debug|Any CPU.ActiveCfg = Debug|Any CPU
		{2DA0FB00-7693-4373-8FDD-1DC3829FD1E4}.Debug|Any CPU.Build.0 = Debug|Any CPU
		{2DA0FB00-7693-4373-8FDD-1DC3829FD1E4}.Release|Any CPU.ActiveCfg = Release|Any CPU
		{2DA0FB00-7693-4373-8FDD-1DC3829FD1E4}.Release|Any CPU.Build.0 = Release|Any CPU
		{AD543BD1-B7FE-49FF-9018-EBF687D99DAA}.Debug|Any CPU.ActiveCfg = Debug|Any CPU
		{AD543BD1-B7FE-49FF-9018-EBF687D99DAA}.Debug|Any CPU.Build.0 = Debug|Any CPU
		{AD543BD1-B7FE-49FF-9018-EBF687D99DAA}.Release|Any CPU.ActiveCfg = Release|Any CPU
		{AD543BD1-B7FE-49FF-9018-EBF687D99DAA}.Release|Any CPU.Build.0 = Release|Any CPU
		{2E827F5D-F177-429D-AE56-6254CE0F5962}.Debug|Any CPU.ActiveCfg = Debug|Any CPU
		{2E827F5D-F177-429D-AE56-6254CE0F5962}.Debug|Any CPU.Build.0 = Debug|Any CPU
		{2E827F5D-F177-429D-AE56-6254CE0F5962}.Release|Any CPU.ActiveCfg = Release|Any CPU
		{2E827F5D-F177-429D-AE56-6254CE0F5962}.Release|Any CPU.Build.0 = Release|Any CPU
		{2B4FE9D0-8EB7-49FB-8572-4CF61C1C7F61}.Debug|Any CPU.ActiveCfg = Debug|Any CPU
		{2B4FE9D0-8EB7-49FB-8572-4CF61C1C7F61}.Debug|Any CPU.Build.0 = Debug|Any CPU
		{2B4FE9D0-8EB7-49FB-8572-4CF61C1C7F61}.Release|Any CPU.ActiveCfg = Release|Any CPU
		{2B4FE9D0-8EB7-49FB-8572-4CF61C1C7F61}.Release|Any CPU.Build.0 = Release|Any CPU
		{BE7E6FBC-5146-491C-9A1C-4BB18413087B}.Debug|Any CPU.ActiveCfg = Debug|Any CPU
		{BE7E6FBC-5146-491C-9A1C-4BB18413087B}.Debug|Any CPU.Build.0 = Debug|Any CPU
		{BE7E6FBC-5146-491C-9A1C-4BB18413087B}.Release|Any CPU.ActiveCfg = Release|Any CPU
		{BE7E6FBC-5146-491C-9A1C-4BB18413087B}.Release|Any CPU.Build.0 = Release|Any CPU
		{0AF56886-34FC-4762-AE38-FD1C73D1E14E}.Debug|Any CPU.ActiveCfg = Debug|Any CPU
		{0AF56886-34FC-4762-AE38-FD1C73D1E14E}.Debug|Any CPU.Build.0 = Debug|Any CPU
		{0AF56886-34FC-4762-AE38-FD1C73D1E14E}.Release|Any CPU.ActiveCfg = Release|Any CPU
		{0AF56886-34FC-4762-AE38-FD1C73D1E14E}.Release|Any CPU.Build.0 = Release|Any CPU
		{E70B3432-7AC1-4880-87C5-4DD5B1F7E684}.Debug|Any CPU.ActiveCfg = Debug|Any CPU
		{E70B3432-7AC1-4880-87C5-4DD5B1F7E684}.Debug|Any CPU.Build.0 = Debug|Any CPU
		{E70B3432-7AC1-4880-87C5-4DD5B1F7E684}.Release|Any CPU.ActiveCfg = Release|Any CPU
		{E70B3432-7AC1-4880-87C5-4DD5B1F7E684}.Release|Any CPU.Build.0 = Release|Any CPU
		{5AE66A8F-B8C6-4B6F-BAC8-0DE587C8DE58}.Debug|Any CPU.ActiveCfg = Debug|Any CPU
		{5AE66A8F-B8C6-4B6F-BAC8-0DE587C8DE58}.Debug|Any CPU.Build.0 = Debug|Any CPU
		{5AE66A8F-B8C6-4B6F-BAC8-0DE587C8DE58}.Release|Any CPU.ActiveCfg = Release|Any CPU
		{5AE66A8F-B8C6-4B6F-BAC8-0DE587C8DE58}.Release|Any CPU.Build.0 = Release|Any CPU
		{B4B937FC-8EB7-4243-A2C1-4A81F78EFD54}.Debug|Any CPU.ActiveCfg = Debug|Any CPU
		{B4B937FC-8EB7-4243-A2C1-4A81F78EFD54}.Debug|Any CPU.Build.0 = Debug|Any CPU
		{B4B937FC-8EB7-4243-A2C1-4A81F78EFD54}.Release|Any CPU.ActiveCfg = Release|Any CPU
		{B4B937FC-8EB7-4243-A2C1-4A81F78EFD54}.Release|Any CPU.Build.0 = Release|Any CPU
		{7EB5E0C0-D4AE-4F73-ACDC-04DF8D6041EF}.Debug|Any CPU.ActiveCfg = Debug|Any CPU
		{7EB5E0C0-D4AE-4F73-ACDC-04DF8D6041EF}.Debug|Any CPU.Build.0 = Debug|Any CPU
		{7EB5E0C0-D4AE-4F73-ACDC-04DF8D6041EF}.Release|Any CPU.ActiveCfg = Release|Any CPU
		{7EB5E0C0-D4AE-4F73-ACDC-04DF8D6041EF}.Release|Any CPU.Build.0 = Release|Any CPU
		{DE290B90-61EC-45C8-A7A2-2F71DFAAC622}.Debug|Any CPU.ActiveCfg = Debug|Any CPU
		{DE290B90-61EC-45C8-A7A2-2F71DFAAC622}.Debug|Any CPU.Build.0 = Debug|Any CPU
		{DE290B90-61EC-45C8-A7A2-2F71DFAAC622}.Release|Any CPU.ActiveCfg = Release|Any CPU
		{DE290B90-61EC-45C8-A7A2-2F71DFAAC622}.Release|Any CPU.Build.0 = Release|Any CPU
		{AF713144-2637-47B9-AB99-CF35B047F48A}.Debug|Any CPU.ActiveCfg = Debug|Any CPU
		{AF713144-2637-47B9-AB99-CF35B047F48A}.Debug|Any CPU.Build.0 = Debug|Any CPU
		{AF713144-2637-47B9-AB99-CF35B047F48A}.Release|Any CPU.ActiveCfg = Release|Any CPU
		{AF713144-2637-47B9-AB99-CF35B047F48A}.Release|Any CPU.Build.0 = Release|Any CPU
		{C5247763-9844-4763-BC96-B519D2C2156F}.Debug|Any CPU.ActiveCfg = Debug|Any CPU
		{C5247763-9844-4763-BC96-B519D2C2156F}.Debug|Any CPU.Build.0 = Debug|Any CPU
		{C5247763-9844-4763-BC96-B519D2C2156F}.Release|Any CPU.ActiveCfg = Release|Any CPU
		{C5247763-9844-4763-BC96-B519D2C2156F}.Release|Any CPU.Build.0 = Release|Any CPU
		{73BA73F4-1B08-47BB-9D29-9480C35307F3}.Debug|Any CPU.ActiveCfg = Debug|Any CPU
		{73BA73F4-1B08-47BB-9D29-9480C35307F3}.Debug|Any CPU.Build.0 = Debug|Any CPU
		{73BA73F4-1B08-47BB-9D29-9480C35307F3}.Release|Any CPU.ActiveCfg = Release|Any CPU
		{73BA73F4-1B08-47BB-9D29-9480C35307F3}.Release|Any CPU.Build.0 = Release|Any CPU
		{DA3855AB-D195-428A-A1BE-BAAA1406AF14}.Debug|Any CPU.ActiveCfg = Debug|Any CPU
		{DA3855AB-D195-428A-A1BE-BAAA1406AF14}.Debug|Any CPU.Build.0 = Debug|Any CPU
		{DA3855AB-D195-428A-A1BE-BAAA1406AF14}.Release|Any CPU.ActiveCfg = Release|Any CPU
		{DA3855AB-D195-428A-A1BE-BAAA1406AF14}.Release|Any CPU.Build.0 = Release|Any CPU
		{08BF88B5-8149-4F55-AE72-0A4A1CC46E2F}.Debug|Any CPU.ActiveCfg = Debug|Any CPU
		{08BF88B5-8149-4F55-AE72-0A4A1CC46E2F}.Debug|Any CPU.Build.0 = Debug|Any CPU
		{08BF88B5-8149-4F55-AE72-0A4A1CC46E2F}.Release|Any CPU.ActiveCfg = Release|Any CPU
		{08BF88B5-8149-4F55-AE72-0A4A1CC46E2F}.Release|Any CPU.Build.0 = Release|Any CPU
		{14046EED-9CC2-4F61-9E92-38D5C01CA980}.Debug|Any CPU.ActiveCfg = Debug|Any CPU
		{14046EED-9CC2-4F61-9E92-38D5C01CA980}.Debug|Any CPU.Build.0 = Debug|Any CPU
		{14046EED-9CC2-4F61-9E92-38D5C01CA980}.Release|Any CPU.ActiveCfg = Release|Any CPU
		{14046EED-9CC2-4F61-9E92-38D5C01CA980}.Release|Any CPU.Build.0 = Release|Any CPU
	EndGlobalSection
	GlobalSection(SolutionProperties) = preSolution
		HideSolutionNode = FALSE
	EndGlobalSection
	GlobalSection(NestedProjects) = preSolution
		{2DA0FB00-7693-4373-8FDD-1DC3829FD1E4} = {57E135B9-3920-4665-B098-9364E52F9488}
		{AD543BD1-B7FE-49FF-9018-EBF687D99DAA} = {57E135B9-3920-4665-B098-9364E52F9488}
		{2E827F5D-F177-429D-AE56-6254CE0F5962} = {57E135B9-3920-4665-B098-9364E52F9488}
		{2B4FE9D0-8EB7-49FB-8572-4CF61C1C7F61} = {57E135B9-3920-4665-B098-9364E52F9488}
		{BE7E6FBC-5146-491C-9A1C-4BB18413087B} = {85315CDF-D69B-4671-8D88-A34CDCB78FCE}
		{0AF56886-34FC-4762-AE38-FD1C73D1E14E} = {85315CDF-D69B-4671-8D88-A34CDCB78FCE}
		{E70B3432-7AC1-4880-87C5-4DD5B1F7E684} = {85315CDF-D69B-4671-8D88-A34CDCB78FCE}
		{5AE66A8F-B8C6-4B6F-BAC8-0DE587C8DE58} = {85315CDF-D69B-4671-8D88-A34CDCB78FCE}
		{B4B937FC-8EB7-4243-A2C1-4A81F78EFD54} = {85315CDF-D69B-4671-8D88-A34CDCB78FCE}
		{7EB5E0C0-D4AE-4F73-ACDC-04DF8D6041EF} = {E8F78791-3898-4665-9B65-95F3B40371F5}
		{DE290B90-61EC-45C8-A7A2-2F71DFAAC622} = {E8F78791-3898-4665-9B65-95F3B40371F5}
		{AF713144-2637-47B9-AB99-CF35B047F48A} = {E8F78791-3898-4665-9B65-95F3B40371F5}
		{C5247763-9844-4763-BC96-B519D2C2156F} = {E8F78791-3898-4665-9B65-95F3B40371F5}
		{73BA73F4-1B08-47BB-9D29-9480C35307F3} = {E8F78791-3898-4665-9B65-95F3B40371F5}
		{DA3855AB-D195-428A-A1BE-BAAA1406AF14} = {5B7BF62A-16D5-421D-B689-0E1183F74A8B}
		{08BF88B5-8149-4F55-AE72-0A4A1CC46E2F} = {5B7BF62A-16D5-421D-B689-0E1183F74A8B}
		{14046EED-9CC2-4F61-9E92-38D5C01CA980} = {5B7BF62A-16D5-421D-B689-0E1183F74A8B}
	EndGlobalSection
	GlobalSection(ExtensibilityGlobals) = postSolution
		SolutionGuid = {A891028B-FED9-4DB6-8339-C22EF0DE252E}
	EndGlobalSection
EndGlobal
